
Microsoft Visual Studio Solution File, Format Version 12.00
# Visual Studio 15
VisualStudioVersion = 15.0.27703.2026
MinimumVisualStudioVersion = 10.0.40219.1
Project("{FAE04EC0-301F-11D3-BF4B-00C04F79EFBC}") = "Otomasyon", "Login\Otomasyon.csproj", "{D97C1514-B6ED-48C6-BF9D-2ED923B88DA3}"
EndProject
Global
	GlobalSection(SolutionConfigurationPlatforms) = preSolution
		Debug|Any CPU = Debug|Any CPU
		Release|Any CPU = Release|Any CPU
	EndGlobalSection
	GlobalSection(ProjectConfigurationPlatforms) = postSolution
		{D97C1514-B6ED-48C6-BF9D-2ED923B88DA3}.Debug|Any CPU.ActiveCfg = Debug|Any CPU
		{D97C1514-B6ED-48C6-BF9D-2ED923B88DA3}.Debug|Any CPU.Build.0 = Debug|Any CPU
		{D97C1514-B6ED-48C6-BF9D-2ED923B88DA3}.Release|Any CPU.ActiveCfg = Release|Any CPU
		{D97C1514-B6ED-48C6-BF9D-2ED923B88DA3}.Release|Any CPU.Build.0 = Release|Any CPU
	EndGlobalSection
	GlobalSection(SolutionProperties) = preSolution
		HideSolutionNode = FALSE
	EndGlobalSection
	GlobalSection(ExtensibilityGlobals) = postSolution
		SolutionGuid = {09F18A5A-D0AE-4555-9ADF-4157D2B6E993}
	EndGlobalSection
EndGlobal
